// !$*UTF8*$!
{
	archiveVersion = 1;
	classes = {
	};
	objectVersion = 46;
	objects = {

/* Begin PBXBuildFile section */
		585CFC5197652D61D206269A /* libPods-LNCommonFramework.a in Frameworks */ = {isa = PBXBuildFile; fileRef = 1FFA663D38827686662E088E /* libPods-LNCommonFramework.a */; };
		C7841D5C214F8CA700CF4183 /* NSAttributedString+LNExtension.m in Sources */ = {isa = PBXBuildFile; fileRef = C7841D5B214F8CA700CF4183 /* NSAttributedString+LNExtension.m */; };
		C7841D60214F8F6D00CF4183 /* LNTextField.m in Sources */ = {isa = PBXBuildFile; fileRef = C7841D5F214F8F6D00CF4183 /* LNTextField.m */; };
		C7841D63214F905000CF4183 /* LNTextView.m in Sources */ = {isa = PBXBuildFile; fileRef = C7841D62214F905000CF4183 /* LNTextView.m */; };
		C7841D66214F911500CF4183 /* NSString+LNExtension.m in Sources */ = {isa = PBXBuildFile; fileRef = C7841D65214F911500CF4183 /* NSString+LNExtension.m */; };
		C7AEA1C2214CD5CE00AACEAF /* AppDelegate.m in Sources */ = {isa = PBXBuildFile; fileRef = C7AEA1C1214CD5CE00AACEAF /* AppDelegate.m */; };
		C7AEA1C5214CD5CE00AACEAF /* ViewController.m in Sources */ = {isa = PBXBuildFile; fileRef = C7AEA1C4214CD5CE00AACEAF /* ViewController.m */; };
		C7AEA1C8214CD5CE00AACEAF /* Main.storyboard in Resources */ = {isa = PBXBuildFile; fileRef = C7AEA1C6214CD5CE00AACEAF /* Main.storyboard */; };
		C7AEA1CA214CD5CF00AACEAF /* Assets.xcassets in Resources */ = {isa = PBXBuildFile; fileRef = C7AEA1C9214CD5CF00AACEAF /* Assets.xcassets */; };
		C7AEA1CD214CD5CF00AACEAF /* LaunchScreen.storyboard in Resources */ = {isa = PBXBuildFile; fileRef = C7AEA1CB214CD5CF00AACEAF /* LaunchScreen.storyboard */; };
		C7AEA1D0214CD5CF00AACEAF /* main.m in Sources */ = {isa = PBXBuildFile; fileRef = C7AEA1CF214CD5CF00AACEAF /* main.m */; };
		C7AEA1DF214CE88300AACEAF /* LNImagePositionButton.m in Sources */ = {isa = PBXBuildFile; fileRef = C7AEA1DE214CE88300AACEAF /* LNImagePositionButton.m */; };
		C7AEA1E2214DF12A00AACEAF /* LNNetworkManager.m in Sources */ = {isa = PBXBuildFile; fileRef = C7AEA1E1214DF12A00AACEAF /* LNNetworkManager.m */; };
		C7AEA1E6214DFEA000AACEAF /* LNProgressHUD.m in Sources */ = {isa = PBXBuildFile; fileRef = C7AEA1E5214DFEA000AACEAF /* LNProgressHUD.m */; };
/* End PBXBuildFile section */

/* Begin PBXFileReference section */
		1FFA663D38827686662E088E /* libPods-LNCommonFramework.a */ = {isa = PBXFileReference; explicitFileType = archive.ar; includeInIndex = 0; path = "libPods-LNCommonFramework.a"; sourceTree = BUILT_PRODUCTS_DIR; };
		2637429E82E08579561559A0 /* Pods-LNCommonFramework.debug.xcconfig */ = {isa = PBXFileReference; includeInIndex = 1; lastKnownFileType = text.xcconfig; name = "Pods-LNCommonFramework.debug.xcconfig"; path = "Pods/Target Support Files/Pods-LNCommonFramework/Pods-LNCommonFramework.debug.xcconfig"; sourceTree = "<group>"; };
		B408A28D02461A6A87FD5FD5 /* Pods-LNCommonFramework.release.xcconfig */ = {isa = PBXFileReference; includeInIndex = 1; lastKnownFileType = text.xcconfig; name = "Pods-LNCommonFramework.release.xcconfig"; path = "Pods/Target Support Files/Pods-LNCommonFramework/Pods-LNCommonFramework.release.xcconfig"; sourceTree = "<group>"; };
		C7841D5A214F8CA700CF4183 /* NSAttributedString+LNExtension.h */ = {isa = PBXFileReference; lastKnownFileType = sourcecode.c.h; path = "NSAttributedString+LNExtension.h"; sourceTree = "<group>"; };
		C7841D5B214F8CA700CF4183 /* NSAttributedString+LNExtension.m */ = {isa = PBXFileReference; lastKnownFileType = sourcecode.c.objc; path = "NSAttributedString+LNExtension.m"; sourceTree = "<group>"; };
		C7841D5D214F8DD100CF4183 /* LiuNing.h */ = {isa = PBXFileReference; lastKnownFileType = sourcecode.c.h; path = LiuNing.h; sourceTree = "<group>"; };
		C7841D5E214F8F6D00CF4183 /* LNTextField.h */ = {isa = PBXFileReference; lastKnownFileType = sourcecode.c.h; path = LNTextField.h; sourceTree = "<group>"; };
		C7841D5F214F8F6D00CF4183 /* LNTextField.m */ = {isa = PBXFileReference; lastKnownFileType = sourcecode.c.objc; path = LNTextField.m; sourceTree = "<group>"; };
		C7841D61214F905000CF4183 /* LNTextView.h */ = {isa = PBXFileReference; lastKnownFileType = sourcecode.c.h; path = LNTextView.h; sourceTree = "<group>"; };
		C7841D62214F905000CF4183 /* LNTextView.m */ = {isa = PBXFileReference; lastKnownFileType = sourcecode.c.objc; path = LNTextView.m; sourceTree = "<group>"; };
		C7841D64214F911500CF4183 /* NSString+LNExtension.h */ = {isa = PBXFileReference; lastKnownFileType = sourcecode.c.h; path = "NSString+LNExtension.h"; sourceTree = "<group>"; };
		C7841D65214F911500CF4183 /* NSString+LNExtension.m */ = {isa = PBXFileReference; lastKnownFileType = sourcecode.c.objc; path = "NSString+LNExtension.m"; sourceTree = "<group>"; };
		C7AEA1BD214CD5CE00AACEAF /* LNCommonFramework.app */ = {isa = PBXFileReference; explicitFileType = wrapper.application; includeInIndex = 0; path = LNCommonFramework.app; sourceTree = BUILT_PRODUCTS_DIR; };
		C7AEA1C0214CD5CE00AACEAF /* AppDelegate.h */ = {isa = PBXFileReference; lastKnownFileType = sourcecode.c.h; path = AppDelegate.h; sourceTree = "<group>"; };
		C7AEA1C1214CD5CE00AACEAF /* AppDelegate.m */ = {isa = PBXFileReference; lastKnownFileType = sourcecode.c.objc; path = AppDelegate.m; sourceTree = "<group>"; };
		C7AEA1C3214CD5CE00AACEAF /* ViewController.h */ = {isa = PBXFileReference; lastKnownFileType = sourcecode.c.h; path = ViewController.h; sourceTree = "<group>"; };
		C7AEA1C4214CD5CE00AACEAF /* ViewController.m */ = {isa = PBXFileReference; lastKnownFileType = sourcecode.c.objc; path = ViewController.m; sourceTree = "<group>"; };
		C7AEA1C7214CD5CE00AACEAF /* Base */ = {isa = PBXFileReference; lastKnownFileType = file.storyboard; name = Base; path = Base.lproj/Main.storyboard; sourceTree = "<group>"; };
		C7AEA1C9214CD5CF00AACEAF /* Assets.xcassets */ = {isa = PBXFileReference; lastKnownFileType = folder.assetcatalog; path = Assets.xcassets; sourceTree = "<group>"; };
		C7AEA1CC214CD5CF00AACEAF /* Base */ = {isa = PBXFileReference; lastKnownFileType = file.storyboard; name = Base; path = Base.lproj/LaunchScreen.storyboard; sourceTree = "<group>"; };
		C7AEA1CE214CD5CF00AACEAF /* Info.plist */ = {isa = PBXFileReference; lastKnownFileType = text.plist.xml; path = Info.plist; sourceTree = "<group>"; };
		C7AEA1CF214CD5CF00AACEAF /* main.m */ = {isa = PBXFileReference; lastKnownFileType = sourcecode.c.objc; path = main.m; sourceTree = "<group>"; };
		C7AEA1DD214CE88300AACEAF /* LNImagePositionButton.h */ = {isa = PBXFileReference; lastKnownFileType = sourcecode.c.h; path = LNImagePositionButton.h; sourceTree = "<group>"; };
		C7AEA1DE214CE88300AACEAF /* LNImagePositionButton.m */ = {isa = PBXFileReference; lastKnownFileType = sourcecode.c.objc; path = LNImagePositionButton.m; sourceTree = "<group>"; };
		C7AEA1E0214DF12A00AACEAF /* LNNetworkManager.h */ = {isa = PBXFileReference; lastKnownFileType = sourcecode.c.h; path = LNNetworkManager.h; sourceTree = "<group>"; };
		C7AEA1E1214DF12A00AACEAF /* LNNetworkManager.m */ = {isa = PBXFileReference; lastKnownFileType = sourcecode.c.objc; path = LNNetworkManager.m; sourceTree = "<group>"; };
		C7AEA1E3214DF19200AACEAF /* PrefixHeader.pch */ = {isa = PBXFileReference; lastKnownFileType = sourcecode.c.h; path = PrefixHeader.pch; sourceTree = "<group>"; };
		C7AEA1E4214DFEA000AACEAF /* LNProgressHUD.h */ = {isa = PBXFileReference; lastKnownFileType = sourcecode.c.h; path = LNProgressHUD.h; sourceTree = "<group>"; };
		C7AEA1E5214DFEA000AACEAF /* LNProgressHUD.m */ = {isa = PBXFileReference; lastKnownFileType = sourcecode.c.objc; path = LNProgressHUD.m; sourceTree = "<group>"; };
/* End PBXFileReference section */

/* Begin PBXFrameworksBuildPhase section */
		C7AEA1BA214CD5CE00AACEAF /* Frameworks */ = {
			isa = PBXFrameworksBuildPhase;
			buildActionMask = 2147483647;
			files = (
				585CFC5197652D61D206269A /* libPods-LNCommonFramework.a in Frameworks */,
			);
			runOnlyForDeploymentPostprocessing = 0;
		};
/* End PBXFrameworksBuildPhase section */

/* Begin PBXGroup section */
		399C5D49615F9FD1BFBD9973 /* Frameworks */ = {
			isa = PBXGroup;
			children = (
				1FFA663D38827686662E088E /* libPods-LNCommonFramework.a */,
			);
			name = Frameworks;
			sourceTree = "<group>";
		};
		75AFEB5B28C7E1462B59B799 /* Pods */ = {
			isa = PBXGroup;
			children = (
				2637429E82E08579561559A0 /* Pods-LNCommonFramework.debug.xcconfig */,
				B408A28D02461A6A87FD5FD5 /* Pods-LNCommonFramework.release.xcconfig */,
			);
			name = Pods;
			sourceTree = "<group>";
		};
		C7AEA1B4214CD5CE00AACEAF = {
			isa = PBXGroup;
			children = (
				C7AEA1BF214CD5CE00AACEAF /* LNCommonFramework */,
				C7AEA1BE214CD5CE00AACEAF /* Products */,
				75AFEB5B28C7E1462B59B799 /* Pods */,
				399C5D49615F9FD1BFBD9973 /* Frameworks */,
			);
			sourceTree = "<group>";
		};
		C7AEA1BE214CD5CE00AACEAF /* Products */ = {
			isa = PBXGroup;
			children = (
				C7AEA1BD214CD5CE00AACEAF /* LNCommonFramework.app */,
			);
			name = Products;
			sourceTree = "<group>";
		};
		C7AEA1BF214CD5CE00AACEAF /* LNCommonFramework */ = {
			isa = PBXGroup;
			children = (
				C7AEA1C0214CD5CE00AACEAF /* AppDelegate.h */,
				C7AEA1C1214CD5CE00AACEAF /* AppDelegate.m */,
				C7AEA1C3214CD5CE00AACEAF /* ViewController.h */,
				C7AEA1C4214CD5CE00AACEAF /* ViewController.m */,
				C7AEA1D6214CD62200AACEAF /* LiuNing */,
				C7AEA1C6214CD5CE00AACEAF /* Main.storyboard */,
				C7AEA1C9214CD5CF00AACEAF /* Assets.xcassets */,
				C7AEA1CB214CD5CF00AACEAF /* LaunchScreen.storyboard */,
				C7AEA1CE214CD5CF00AACEAF /* Info.plist */,
				C7AEA1E3214DF19200AACEAF /* PrefixHeader.pch */,
				C7AEA1CF214CD5CF00AACEAF /* main.m */,
			);
			path = LNCommonFramework;
			sourceTree = "<group>";
		};
		C7AEA1D6214CD62200AACEAF /* LiuNing */ = {
			isa = PBXGroup;
			children = (
				C7841D5D214F8DD100CF4183 /* LiuNing.h */,
				C7AEA1DD214CE88300AACEAF /* LNImagePositionButton.h */,
				C7AEA1DE214CE88300AACEAF /* LNImagePositionButton.m */,
				C7AEA1E0214DF12A00AACEAF /* LNNetworkManager.h */,
				C7AEA1E1214DF12A00AACEAF /* LNNetworkManager.m */,
				C7AEA1E4214DFEA000AACEAF /* LNProgressHUD.h */,
				C7AEA1E5214DFEA000AACEAF /* LNProgressHUD.m */,
				C7841D5A214F8CA700CF4183 /* NSAttributedString+LNExtension.h */,
				C7841D5B214F8CA700CF4183 /* NSAttributedString+LNExtension.m */,
				C7841D5E214F8F6D00CF4183 /* LNTextField.h */,
				C7841D5F214F8F6D00CF4183 /* LNTextField.m */,
				C7841D61214F905000CF4183 /* LNTextView.h */,
				C7841D62214F905000CF4183 /* LNTextView.m */,
				C7841D64214F911500CF4183 /* NSString+LNExtension.h */,
				C7841D65214F911500CF4183 /* NSString+LNExtension.m */,
			);
			path = LiuNing;
			sourceTree = "<group>";
		};
/* End PBXGroup section */

/* Begin PBXNativeTarget section */
		C7AEA1BC214CD5CE00AACEAF /* LNCommonFramework */ = {
			isa = PBXNativeTarget;
			buildConfigurationList = C7AEA1D3214CD5CF00AACEAF /* Build configuration list for PBXNativeTarget "LNCommonFramework" */;
			buildPhases = (
				861EA01C8568FED8D2A8E8CC /* [CP] Check Pods Manifest.lock */,
				C7AEA1B9214CD5CE00AACEAF /* Sources */,
				C7AEA1BA214CD5CE00AACEAF /* Frameworks */,
				C7AEA1BB214CD5CE00AACEAF /* Resources */,
				131244AFE51626F000FE9EAA /* [CP] Embed Pods Frameworks */,
				89DE64FEA6308E49948D8896 /* [CP] Copy Pods Resources */,
			);
			buildRules = (
			);
			dependencies = (
			);
			name = LNCommonFramework;
			productName = LNCommonFramework;
			productReference = C7AEA1BD214CD5CE00AACEAF /* LNCommonFramework.app */;
			productType = "com.apple.product-type.application";
		};
/* End PBXNativeTarget section */

/* Begin PBXProject section */
		C7AEA1B5214CD5CE00AACEAF /* Project object */ = {
			isa = PBXProject;
			attributes = {
				LastUpgradeCheck = 0940;
				ORGANIZATIONNAME = "刘宁";
				TargetAttributes = {
					C7AEA1BC214CD5CE00AACEAF = {
						CreatedOnToolsVersion = 9.4;
						DevelopmentTeam = TFBRG7ET9B;
						ProvisioningStyle = Automatic;
					};
				};
			};
			buildConfigurationList = C7AEA1B8214CD5CE00AACEAF /* Build configuration list for PBXProject "LNCommonFramework" */;
			compatibilityVersion = "Xcode 3.2";
			developmentRegion = en;
			hasScannedForEncodings = 0;
			knownRegions = (
				en,
				Base,
			);
			mainGroup = C7AEA1B4214CD5CE00AACEAF;
			productRefGroup = C7AEA1BE214CD5CE00AACEAF /* Products */;
			projectDirPath = "";
			projectRoot = "";
			targets = (
				C7AEA1BC214CD5CE00AACEAF /* LNCommonFramework */,
			);
		};
/* End PBXProject section */

/* Begin PBXResourcesBuildPhase section */
		C7AEA1BB214CD5CE00AACEAF /* Resources */ = {
			isa = PBXResourcesBuildPhase;
			buildActionMask = 2147483647;
			files = (
				C7AEA1CD214CD5CF00AACEAF /* LaunchScreen.storyboard in Resources */,
				C7AEA1CA214CD5CF00AACEAF /* Assets.xcassets in Resources */,
				C7AEA1C8214CD5CE00AACEAF /* Main.storyboard in Resources */,
			);
			runOnlyForDeploymentPostprocessing = 0;
		};
/* End PBXResourcesBuildPhase section */

/* Begin PBXShellScriptBuildPhase section */
		131244AFE51626F000FE9EAA /* [CP] Embed Pods Frameworks */ = {
			isa = PBXShellScriptBuildPhase;
			buildActionMask = 2147483647;
			files = (
			);
			inputPaths = (
			);
			name = "[CP] Embed Pods Frameworks";
			outputPaths = (
			);
			runOnlyForDeploymentPostprocessing = 0;
			shellPath = /bin/sh;
			shellScript = "\"${SRCROOT}/Pods/Target Support Files/Pods-LNCommonFramework/Pods-LNCommonFramework-frameworks.sh\"\n";
			showEnvVarsInLog = 0;
		};
		861EA01C8568FED8D2A8E8CC /* [CP] Check Pods Manifest.lock */ = {
			isa = PBXShellScriptBuildPhase;
			buildActionMask = 2147483647;
			files = (
			);
			inputPaths = (
				"${PODS_PODFILE_DIR_PATH}/Podfile.lock",
				"${PODS_ROOT}/Manifest.lock",
			);
			name = "[CP] Check Pods Manifest.lock";
			outputPaths = (
				"$(DERIVED_FILE_DIR)/Pods-LNCommonFramework-checkManifestLockResult.txt",
			);
			runOnlyForDeploymentPostprocessing = 0;
			shellPath = /bin/sh;
			shellScript = "diff \"${PODS_PODFILE_DIR_PATH}/Podfile.lock\" \"${PODS_ROOT}/Manifest.lock\" > /dev/null\nif [ $? != 0 ] ; then\n    # print error to STDERR\n    echo \"error: The sandbox is not in sync with the Podfile.lock. Run 'pod install' or update your CocoaPods installation.\" >&2\n    exit 1\nfi\n# This output is used by Xcode 'outputs' to avoid re-running this script phase.\necho \"SUCCESS\" > \"${SCRIPT_OUTPUT_FILE_0}\"\n";
			showEnvVarsInLog = 0;
		};
		89DE64FEA6308E49948D8896 /* [CP] Copy Pods Resources */ = {
			isa = PBXShellScriptBuildPhase;
			buildActionMask = 2147483647;
			files = (
			);
			inputPaths = (
				"${SRCROOT}/Pods/Target Support Files/Pods-LNCommonFramework/Pods-LNCommonFramework-resources.sh",
				"${PODS_ROOT}/MJRefresh/MJRefresh/MJRefresh.bundle",
			);
			name = "[CP] Copy Pods Resources";
			outputPaths = (
				"${TARGET_BUILD_DIR}/${UNLOCALIZED_RESOURCES_FOLDER_PATH}",
			);
			runOnlyForDeploymentPostprocessing = 0;
			shellPath = /bin/sh;
			shellScript = "\"${SRCROOT}/Pods/Target Support Files/Pods-LNCommonFramework/Pods-LNCommonFramework-resources.sh\"\n";
			showEnvVarsInLog = 0;
		};
/* End PBXShellScriptBuildPhase section */

/* Begin PBXSourcesBuildPhase section */
		C7AEA1B9214CD5CE00AACEAF /* Sources */ = {
			isa = PBXSourcesBuildPhase;
			buildActionMask = 2147483647;
			files = (
				C7AEA1E6214DFEA000AACEAF /* LNProgressHUD.m in Sources */,
				C7841D5C214F8CA700CF4183 /* NSAttributedString+LNExtension.m in Sources */,
				C7841D63214F905000CF4183 /* LNTextView.m in Sources */,
				C7AEA1C5214CD5CE00AACEAF /* ViewController.m in Sources */,
				C7841D60214F8F6D00CF4183 /* LNTextField.m in Sources */,
				C7AEA1D0214CD5CF00AACEAF /* main.m in Sources */,
				C7AEA1DF214CE88300AACEAF /* LNImagePositionButton.m in Sources */,
				C7AEA1E2214DF12A00AACEAF /* LNNetworkManager.m in Sources */,
				C7AEA1C2214CD5CE00AACEAF /* AppDelegate.m in Sources */,
				C7841D66214F911500CF4183 /* NSString+LNExtension.m in Sources */,
			);
			runOnlyForDeploymentPostprocessing = 0;
		};
/* End PBXSourcesBuildPhase section */

/* Begin PBXVariantGroup section */
		C7AEA1C6214CD5CE00AACEAF /* Main.storyboard */ = {
			isa = PBXVariantGroup;
			children = (
				C7AEA1C7214CD5CE00AACEAF /* Base */,
			);
			name = Main.storyboard;
			sourceTree = "<group>";
		};
		C7AEA1CB214CD5CF00AACEAF /* LaunchScreen.storyboard */ = {
			isa = PBXVariantGroup;
			children = (
				C7AEA1CC214CD5CF00AACEAF /* Base */,
			);
			name = LaunchScreen.storyboard;
			sourceTree = "<group>";
		};
/* End PBXVariantGroup section */

/* Begin XCBuildConfiguration section */
		C7AEA1D1214CD5CF00AACEAF /* Debug */ = {
			isa = XCBuildConfiguration;
			buildSettings = {
				ALWAYS_SEARCH_USER_PATHS = NO;
				CLANG_ANALYZER_NONNULL = YES;
				CLANG_ANALYZER_NUMBER_OBJECT_CONVERSION = YES_AGGRESSIVE;
				CLANG_CXX_LANGUAGE_STANDARD = "gnu++14";
				CLANG_CXX_LIBRARY = "libc++";
				CLANG_ENABLE_MODULES = YES;
				CLANG_ENABLE_OBJC_ARC = YES;
				CLANG_ENABLE_OBJC_WEAK = YES;
				CLANG_WARN_BLOCK_CAPTURE_AUTORELEASING = YES;
				CLANG_WARN_BOOL_CONVERSION = YES;
				CLANG_WARN_COMMA = YES;
				CLANG_WARN_CONSTANT_CONVERSION = YES;
				CLANG_WARN_DEPRECATED_OBJC_IMPLEMENTATIONS = YES;
				CLANG_WARN_DIRECT_OBJC_ISA_USAGE = YES_ERROR;
				CLANG_WARN_DOCUMENTATION_COMMENTS = YES;
				CLANG_WARN_EMPTY_BODY = YES;
				CLANG_WARN_ENUM_CONVERSION = YES;
				CLANG_WARN_INFINITE_RECURSION = YES;
				CLANG_WARN_INT_CONVERSION = YES;
				CLANG_WARN_NON_LITERAL_NULL_CONVERSION = YES;
				CLANG_WARN_OBJC_IMPLICIT_RETAIN_SELF = YES;
				CLANG_WARN_OBJC_LITERAL_CONVERSION = YES;
				CLANG_WARN_OBJC_ROOT_CLASS = YES_ERROR;
				CLANG_WARN_RANGE_LOOP_ANALYSIS = YES;
				CLANG_WARN_STRICT_PROTOTYPES = YES;
				CLANG_WARN_SUSPICIOUS_MOVE = YES;
				CLANG_WARN_UNGUARDED_AVAILABILITY = YES_AGGRESSIVE;
				CLANG_WARN_UNREACHABLE_CODE = YES;
				CLANG_WARN__DUPLICATE_METHOD_MATCH = YES;
				CODE_SIGN_IDENTITY = "iPhone Developer";
				COPY_PHASE_STRIP = NO;
				DEBUG_INFORMATION_FORMAT = dwarf;
				ENABLE_STRICT_OBJC_MSGSEND = YES;
				ENABLE_TESTABILITY = YES;
				GCC_C_LANGUAGE_STANDARD = gnu11;
				GCC_DYNAMIC_NO_PIC = NO;
				GCC_NO_COMMON_BLOCKS = YES;
				GCC_OPTIMIZATION_LEVEL = 0;
				GCC_PREPROCESSOR_DEFINITIONS = (
					"DEBUG=1",
					"$(inherited)",
				);
				GCC_WARN_64_TO_32_BIT_CONVERSION = YES;
				GCC_WARN_ABOUT_RETURN_TYPE = YES_ERROR;
				GCC_WARN_UNDECLARED_SELECTOR = YES;
				GCC_WARN_UNINITIALIZED_AUTOS = YES_AGGRESSIVE;
				GCC_WARN_UNUSED_FUNCTION = YES;
				GCC_WARN_UNUSED_VARIABLE = YES;
				IPHONEOS_DEPLOYMENT_TARGET = 11.4;
				MTL_ENABLE_DEBUG_INFO = YES;
				ONLY_ACTIVE_ARCH = YES;
				SDKROOT = iphoneos;
			};
			name = Debug;
		};
		C7AEA1D2214CD5CF00AACEAF /* Release */ = {
			isa = XCBuildConfiguration;
			buildSettings = {
				ALWAYS_SEARCH_USER_PATHS = NO;
				CLANG_ANALYZER_NONNULL = YES;
				CLANG_ANALYZER_NUMBER_OBJECT_CONVERSION = YES_AGGRESSIVE;
				CLANG_CXX_LANGUAGE_STANDARD = "gnu++14";
				CLANG_CXX_LIBRARY = "libc++";
				CLANG_ENABLE_MODULES = YES;
				CLANG_ENABLE_OBJC_ARC = YES;
				CLANG_ENABLE_OBJC_WEAK = YES;
				CLANG_WARN_BLOCK_CAPTURE_AUTORELEASING = YES;
				CLANG_WARN_BOOL_CONVERSION = YES;
				CLANG_WARN_COMMA = YES;
				CLANG_WARN_CONSTANT_CONVERSION = YES;
				CLANG_WARN_DEPRECATED_OBJC_IMPLEMENTATIONS = YES;
				CLANG_WARN_DIRECT_OBJC_ISA_USAGE = YES_ERROR;
				CLANG_WARN_DOCUMENTATION_COMMENTS = YES;
				CLANG_WARN_EMPTY_BODY = YES;
				CLANG_WARN_ENUM_CONVERSION = YES;
				CLANG_WARN_INFINITE_RECURSION = YES;
				CLANG_WARN_INT_CONVERSION = YES;
				CLANG_WARN_NON_LITERAL_NULL_CONVERSION = YES;
				CLANG_WARN_OBJC_IMPLICIT_RETAIN_SELF = YES;
				CLANG_WARN_OBJC_LITERAL_CONVERSION = YES;
				CLANG_WARN_OBJC_ROOT_CLASS = YES_ERROR;
				CLANG_WARN_RANGE_LOOP_ANALYSIS = YES;
				CLANG_WARN_STRICT_PROTOTYPES = YES;
				CLANG_WARN_SUSPICIOUS_MOVE = YES;
				CLANG_WARN_UNGUARDED_AVAILABILITY = YES_AGGRESSIVE;
				CLANG_WARN_UNREACHABLE_CODE = YES;
				CLANG_WARN__DUPLICATE_METHOD_MATCH = YES;
				CODE_SIGN_IDENTITY = "iPhone Developer";
				COPY_PHASE_STRIP = NO;
				DEBUG_INFORMATION_FORMAT = "dwarf-with-dsym";
				ENABLE_NS_ASSERTIONS = NO;
				ENABLE_STRICT_OBJC_MSGSEND = YES;
				GCC_C_LANGUAGE_STANDARD = gnu11;
				GCC_NO_COMMON_BLOCKS = YES;
				GCC_WARN_64_TO_32_BIT_CONVERSION = YES;
				GCC_WARN_ABOUT_RETURN_TYPE = YES_ERROR;
				GCC_WARN_UNDECLARED_SELECTOR = YES;
				GCC_WARN_UNINITIALIZED_AUTOS = YES_AGGRESSIVE;
				GCC_WARN_UNUSED_FUNCTION = YES;
				GCC_WARN_UNUSED_VARIABLE = YES;
				IPHONEOS_DEPLOYMENT_TARGET = 11.4;
				MTL_ENABLE_DEBUG_INFO = NO;
				SDKROOT = iphoneos;
				VALIDATE_PRODUCT = YES;
			};
			name = Release;
		};
		C7AEA1D4214CD5CF00AACEAF /* Debug */ = {
			isa = XCBuildConfiguration;
			baseConfigurationReference = 2637429E82E08579561559A0 /* Pods-LNCommonFramework.debug.xcconfig */;
			buildSettings = {
				ASSETCATALOG_COMPILER_APPICON_NAME = AppIcon;
				CODE_SIGN_STYLE = Automatic;
				DEVELOPMENT_TEAM = TFBRG7ET9B;
				GCC_PREFIX_HEADER = "$(SRCROOT)/LNCommonFramework/PrefixHeader.pch";
				INFOPLIST_FILE = LNCommonFramework/Info.plist;
				LD_RUNPATH_SEARCH_PATHS = "$(inherited) @executable_path/Frameworks";
				PRODUCT_BUNDLE_IDENTIFIER = LN.LNCommonFramework;
				PRODUCT_NAME = "$(TARGET_NAME)";
				TARGETED_DEVICE_FAMILY = "1,2";
			};
			name = Debug;
		};
		C7AEA1D5214CD5CF00AACEAF /* Release */ = {
			isa = XCBuildConfiguration;
			baseConfigurationReference = B408A28D02461A6A87FD5FD5 /* Pods-LNCommonFramework.release.xcconfig */;
			buildSettings = {
				ASSETCATALOG_COMPILER_APPICON_NAME = AppIcon;
				CODE_SIGN_STYLE = Automatic;
				DEVELOPMENT_TEAM = TFBRG7ET9B;
				GCC_PREFIX_HEADER = "$(SRCROOT)/LNCommonFramework/PrefixHeader.pch";
				INFOPLIST_FILE = LNCommonFramework/Info.plist;
				LD_RUNPATH_SEARCH_PATHS = "$(inherited) @executable_path/Frameworks";
				PRODUCT_BUNDLE_IDENTIFIER = LN.LNCommonFramework;
				PRODUCT_NAME = "$(TARGET_NAME)";
				TARGETED_DEVICE_FAMILY = "1,2";
			};
			name = Release;
		};
/* End XCBuildConfiguration section */

/* Begin XCConfigurationList section */
		C7AEA1B8214CD5CE00AACEAF /* Build configuration list for PBXProject "LNCommonFramework" */ = {
			isa = XCConfigurationList;
			buildConfigurations = (
				C7AEA1D1214CD5CF00AACEAF /* Debug */,
				C7AEA1D2214CD5CF00AACEAF /* Release */,
			);
			defaultConfigurationIsVisible = 0;
			defaultConfigurationName = Release;
		};
		C7AEA1D3214CD5CF00AACEAF /* Build configuration list for PBXNativeTarget "LNCommonFramework" */ = {
			isa = XCConfigurationList;
			buildConfigurations = (
				C7AEA1D4214CD5CF00AACEAF /* Debug */,
				C7AEA1D5214CD5CF00AACEAF /* Release */,
			);
			defaultConfigurationIsVisible = 0;
			defaultConfigurationName = Release;
		};
/* End XCConfigurationList section */
	};
	rootObject = C7AEA1B5214CD5CE00AACEAF /* Project object */;
}
